lockfileVersion: '9.0'

settings:
  autoInstallPeers: true
  excludeLinksFromLockfile: false

importers:

  .:
    dependencies:
      papaparse:
        specifier: ^5.4.1
        version: 5.4.1

packages:

  papaparse@5.4.1:
    resolution: {integrity: sha512-HipMsgJkZu8br23pW15uvo6sib6wne/4woLZPlFf3rpDyMe9ywEXUsuD7+6K9PRkJlVT51j/sCOYDKGGS3ZJrw==}

snapshots:

  papaparse@5.4.1: {}
