lockfileVersion: '6.0'

settings:
  autoInstallPeers: true
  excludeLinksFromLockfile: false

dependencies:
  clsx:
    specifier: ^2.1.0
    version: 2.1.0

packages:

  /clsx@2.1.0:
    resolution: {integrity: sha512-m3iNNWpd9rl3jvvcBnu70ylMdrXt8Vlq4HYadnU5fwcOtvkSQWPmj7amUcDT2qYI7risszBjI5AUIUox9D16pg==}
    engines: {node: '>=6'}
    dev: false
